{
    "_readme": [
        "This file locks the dependencies of your project to a known state",
        "Read more about it at https://getcomposer.org/doc/01-basic-usage.md#installing-dependencies",
        "This file is @generated automatically"
    ],
    "content-hash": "1f040454aa5b4b2197e8c75fa7a8a1d7",
    "packages": [],
    "packages-dev": [],
    "aliases": [],
    "minimum-stability": "stable",
    "stability-flags": {},
    "prefer-stable": false,
    "prefer-lowest": false,
    "platform": {
        "php": ">=8.0",
        "ext-leveldb": "*",
        "ext-openssl": "*",
        "ext-pthreads": "*"
    },
    "platform-dev": {},
    "plugin-api-version": "2.9.0"
}
